
Microsoft Visual Studio Solution File, Format Version 12.00
# Visual Studio 15
VisualStudioVersion = 15.0.27703.2026
MinimumVisualStudioVersion = 10.0.40219.1
Project("{FAE04EC0-301F-11D3-BF4B-00C04F79EFBC}") = "Program", "Program\Program.csproj", "{BE9807C2-4AF9-41D3-9EFB-BE25BA255C7B}"
EndProject
Global
	GlobalSection(SolutionConfigurationPlatforms) = preSolution
		Debug|Any CPU = Debug|Any CPU
		Release|Any CPU = Release|Any CPU
	EndGlobalSection
	GlobalSection(ProjectConfigurationPlatforms) = postSolution
		{BE9807C2-4AF9-41D3-9EFB-BE25BA255C7B}.Debug|Any CPU.ActiveCfg = Debug|Any CPU
		{BE9807C2-4AF9-41D3-9EFB-BE25BA255C7B}.Debug|Any CPU.Build.0 = Debug|Any CPU
		{BE9807C2-4AF9-41D3-9EFB-BE25BA255C7B}.Release|Any CPU.ActiveCfg = Release|Any CPU
		{BE9807C2-4AF9-41D3-9EFB-BE25BA255C7B}.Release|Any CPU.Build.0 = Release|Any CPU
	EndGlobalSection
	GlobalSection(SolutionProperties) = preSolution
		HideSolutionNode = FALSE
	EndGlobalSection
	GlobalSection(ExtensibilityGlobals) = postSolution
		SolutionGuid = {138F996B-8F19-48B3-9A0E-5C45D32335BB}
	EndGlobalSection
EndGlobal
